
Microsoft Visual Studio Solution File, Format Version 12.00
# Visual Studio Version 17
VisualStudioVersion = 17.9.34723.18
MinimumVisualStudioVersion = 10.0.40219.1
Project("{8BC9CEB8-8B4A-11D0-8D11-00A0C91BC942}") = "4_26_只出现一次的数字", "4_26_只出现一次的数字\4_26_只出现一次的数字.vcxproj", "{799BCC68-3038-4A0B-965D-1797772C9D12}"
EndProject
Global
	GlobalSection(SolutionConfigurationPlatforms) = preSolution
		Debug|x64 = Debug|x64
		Debug|x86 = Debug|x86
		Release|x64 = Release|x64
		Release|x86 = Release|x86
	EndGlobalSection
	GlobalSection(ProjectConfigurationPlatforms) = postSolution
		{799BCC68-3038-4A0B-965D-1797772C9D12}.Debug|x64.ActiveCfg = Debug|x64
		{799BCC68-3038-4A0B-965D-1797772C9D12}.Debug|x64.Build.0 = Debug|x64
		{799BCC68-3038-4A0B-965D-1797772C9D12}.Debug|x86.ActiveCfg = Debug|Win32
		{799BCC68-3038-4A0B-965D-1797772C9D12}.Debug|x86.Build.0 = Debug|Win32
		{799BCC68-3038-4A0B-965D-1797772C9D12}.Release|x64.ActiveCfg = Release|x64
		{799BCC68-3038-4A0B-965D-1797772C9D12}.Release|x64.Build.0 = Release|x64
		{799BCC68-3038-4A0B-965D-1797772C9D12}.Release|x86.ActiveCfg = Release|Win32
		{799BCC68-3038-4A0B-965D-1797772C9D12}.Release|x86.Build.0 = Release|Win32
	EndGlobalSection
	GlobalSection(SolutionProperties) = preSolution
		HideSolutionNode = FALSE
	EndGlobalSection
	GlobalSection(ExtensibilityGlobals) = postSolution
		SolutionGuid = {2D00EBEB-14FC-4199-95D7-43CD5530B7D4}
	EndGlobalSection
EndGlobal
